
Microsoft Visual Studio Solution File, Format Version 12.00
# Visual Studio Version 17
VisualStudioVersion = 17.1.32421.90
MinimumVisualStudioVersion = 10.0.40219.1
Project("{FAE04EC0-301F-11D3-BF4B-00C04F79EFBC}") = "ClassLibrary1", "ClassLibrary1.csproj", "{D18CD09E-E333-43D2-AF8D-4B7A6657138B}"
EndProject
Global
	GlobalSection(SolutionConfigurationPlatforms) = preSolution
		Debug|Any CPU = Debug|Any CPU
		Release|Any CPU = Release|Any CPU
	EndGlobalSection
	GlobalSection(ProjectConfigurationPlatforms) = postSolution
		{D18CD09E-E333-43D2-AF8D-4B7A6657138B}.Debug|Any CPU.ActiveCfg = Debug|Any CPU
		{D18CD09E-E333-43D2-AF8D-4B7A6657138B}.Debug|Any CPU.Build.0 = Debug|Any CPU
		{D18CD09E-E333-43D2-AF8D-4B7A6657138B}.Release|Any CPU.ActiveCfg = Release|Any CPU
		{D18CD09E-E333-43D2-AF8D-4B7A6657138B}.Release|Any CPU.Build.0 = Release|Any CPU
	EndGlobalSection
	GlobalSection(SolutionProperties) = preSolution
		HideSolutionNode = FALSE
	EndGlobalSection
	GlobalSection(ExtensibilityGlobals) = postSolution
		SolutionGuid = {83DBCE13-E8D1-4869-97AD-55B17712760F}
	EndGlobalSection
EndGlobal
